
Microsoft Visual Studio Solution File, Format Version 12.00
# Visual Studio 15
VisualStudioVersion = 15.0.28307.271
MinimumVisualStudioVersion = 10.0.40219.1
Project("{2150E333-8FDC-42A3-9474-1A3956D46DE8}") = "WebApi", "WebApi", "{A317AEBC-5517-4E1C-9534-6BC1CE3D9CC3}"
EndProject
Project("{2150E333-8FDC-42A3-9474-1A3956D46DE8}") = "Service", "Service", "{CA4B45B7-AE63-4ECB-BAA7-48F7C1BD6F32}"
EndProject
Project("{2150E333-8FDC-42A3-9474-1A3956D46DE8}") = "Dal", "Dal", "{02DE0031-2963-4B3E-A107-278B04CB9FBF}"
EndProject
Project("{FAE04EC0-301F-11D3-BF4B-00C04F79EFBC}") = "HeatLoss.Dal.Common", "Dal\HeatLoss.Dal.Common\HeatLoss.Dal.Common.csproj", "{2340F316-A3CE-4965-9179-343B5E2EA8A2}"
EndProject
Project("{FAE04EC0-301F-11D3-BF4B-00C04F79EFBC}") = "HeatLoss.Dal.EfImplementation", "Dal\HeatLoss.Dal.EfImplementation\HeatLoss.Dal.EfImplementation.csproj", "{B4F0B5F3-20E1-441F-AA7F-EB3EC66210F5}"
EndProject
Project("{FAE04EC0-301F-11D3-BF4B-00C04F79EFBC}") = "HeatLoss.Service.Common", "Service\HeatLoss.Service.Common\HeatLoss.Service.Common.csproj", "{08E1500C-C5F0-48C6-ABAA-4E30389DC11B}"
EndProject
Global
	GlobalSection(SolutionConfigurationPlatforms) = preSolution
		Debug|Any CPU = Debug|Any CPU
		Release|Any CPU = Release|Any CPU
	EndGlobalSection
	GlobalSection(ProjectConfigurationPlatforms) = postSolution
		{2340F316-A3CE-4965-9179-343B5E2EA8A2}.Debug|Any CPU.ActiveCfg = Debug|Any CPU
		{2340F316-A3CE-4965-9179-343B5E2EA8A2}.Debug|Any CPU.Build.0 = Debug|Any CPU
		{2340F316-A3CE-4965-9179-343B5E2EA8A2}.Release|Any CPU.ActiveCfg = Release|Any CPU
		{2340F316-A3CE-4965-9179-343B5E2EA8A2}.Release|Any CPU.Build.0 = Release|Any CPU
		{B4F0B5F3-20E1-441F-AA7F-EB3EC66210F5}.Debug|Any CPU.ActiveCfg = Debug|Any CPU
		{B4F0B5F3-20E1-441F-AA7F-EB3EC66210F5}.Debug|Any CPU.Build.0 = Debug|Any CPU
		{B4F0B5F3-20E1-441F-AA7F-EB3EC66210F5}.Release|Any CPU.ActiveCfg = Release|Any CPU
		{B4F0B5F3-20E1-441F-AA7F-EB3EC66210F5}.Release|Any CPU.Build.0 = Release|Any CPU
		{08E1500C-C5F0-48C6-ABAA-4E30389DC11B}.Debug|Any CPU.ActiveCfg = Debug|Any CPU
		{08E1500C-C5F0-48C6-ABAA-4E30389DC11B}.Debug|Any CPU.Build.0 = Debug|Any CPU
		{08E1500C-C5F0-48C6-ABAA-4E30389DC11B}.Release|Any CPU.ActiveCfg = Release|Any CPU
		{08E1500C-C5F0-48C6-ABAA-4E30389DC11B}.Release|Any CPU.Build.0 = Release|Any CPU
	EndGlobalSection
	GlobalSection(SolutionProperties) = preSolution
		HideSolutionNode = FALSE
	EndGlobalSection
	GlobalSection(NestedProjects) = preSolution
		{2340F316-A3CE-4965-9179-343B5E2EA8A2} = {02DE0031-2963-4B3E-A107-278B04CB9FBF}
		{B4F0B5F3-20E1-441F-AA7F-EB3EC66210F5} = {02DE0031-2963-4B3E-A107-278B04CB9FBF}
		{08E1500C-C5F0-48C6-ABAA-4E30389DC11B} = {CA4B45B7-AE63-4ECB-BAA7-48F7C1BD6F32}
	EndGlobalSection
	GlobalSection(ExtensibilityGlobals) = postSolution
		SolutionGuid = {0308DD84-EE13-4F66-B407-D1398409BD8B}
	EndGlobalSection
EndGlobal
